{
  "name": "main",
  "lockfileVersion": 3,
  "requires": true,
  "packages": {
    "": {
      "dependencies": {
        "@svg-maps/south-korea": "^1.0.1"
      }
    },
    "node_modules/@svg-maps/south-korea": {
      "version": "1.0.1",
      "resolved": "https://registry.npmjs.org/@svg-maps/south-korea/-/south-korea-1.0.1.tgz",
      "integrity": "sha512-8u6ficSu/q1bv9YS/fMf2N5pfRsLGNkZV+YNZON3iz/emjApL1b4Ryyh5l2qtVCrOqj+6jBv2ssf1I5yWZ6ABw=="
    }
  }
}
